Microsoft Visual Studio Solution File, Format Version 12.00
# Visual Studio Version 17
VisualStudioVersion = 17.10.34916.146
MinimumVisualStudioVersion = 10.0.40219.1
Project("{FAE04EC0-301F-11D3-BF4B-00C04F79EFBC}") = "ConditionallyHideSumsInGroupRows", "ConditionallyHideSumsInGroupRows\ConditionallyHideSumsInGroupRows.csproj", "{D72BC111-18AD-4FE0-998F-2CE882157E20}"
EndProject
Global
	GlobalSection(SolutionConfigurationPlatforms) = preSolution
		Debug|Any CPU = Debug|Any CPU
		Release|Any CPU = Release|Any CPU
	EndGlobalSection
	GlobalSection(ProjectConfigurationPlatforms) = postSolution
		{D72BC111-18AD-4FE0-998F-2CE882157E20}.Debug|Any CPU.ActiveCfg = Debug|Any CPU
		{D72BC111-18AD-4FE0-998F-2CE882157E20}.Debug|Any CPU.Build.0 = Debug|Any CPU
		{D72BC111-18AD-4FE0-998F-2CE882157E20}.Release|Any CPU.ActiveCfg = Release|Any CPU
		{D72BC111-18AD-4FE0-998F-2CE882157E20}.Release|Any CPU.Build.0 = Release|Any CPU
	EndGlobalSection
	GlobalSection(SolutionProperties) = preSolution
		HideSolutionNode = FALSE
	EndGlobalSection
	GlobalSection(ExtensibilityGlobals) = postSolution
		SolutionGuid = {20EAAFB7-0376-4E35-B936-0E4846D42A94}
	EndGlobalSection
EndGlobal
